{
  "name": "Integris",
  "version": "1.0.0",
  "lockfileVersion": 1,
  "requires": true,
  "dependencies": {
    "fecha": {
      "version": "2.3.3",
      "resolved": "https://registry.npmjs.org/fecha/-/fecha-2.3.3.tgz",
      "integrity": "sha512-lUGBnIamTAwk4znq5BcqsDaxSmZ9nDVJaij6NvRt/Tg4R69gERA+otPKbS86ROw9nxVMw2/mp1fnaiWqbs6Sdg=="
    },
    "vue2-datepicker": {
      "version": "2.4.0",
      "resolved": "https://registry.npmjs.org/vue2-datepicker/-/vue2-datepicker-2.4.0.tgz",
      "integrity": "sha512-w2HA9vwVJGF/5RCA8+JIOuzLYNmn8oESp+VbB/LAa9AlqOu69DB4p8bEUDdRgiwJ33H2nFPrBgg7ZCwgdpYMgA==",
      "requires": {
        "fecha": "2.3.3"
      }
    }
  }
}
